
Microsoft Visual Studio Solution File, Format Version 12.00
# Visual Studio Version 17
VisualStudioVersion = 17.10.34902.84
MinimumVisualStudioVersion = 10.0.40219.1
Project("{2150E333-8FDC-42A3-9474-1A3956D46DE8}") = "ProductMicroservice", "ProductMicroservice", "{FBD8851F-DC50-4777-B2F0-C801534A3F68}"
EndProject
Project("{2150E333-8FDC-42A3-9474-1A3956D46DE8}") = "CustomerMicroservice", "CustomerMicroservice", "{97355494-11F4-41A2-9FFB-87B914FF6D42}"
EndProject
Project("{2150E333-8FDC-42A3-9474-1A3956D46DE8}") = "ReviewMicroservice", "ReviewMicroservice", "{2DDC77F0-7CEE-465B-8502-E56EEC6BBE02}"
EndProject
Project("{9A19103F-16F7-4668-BE54-9A1E7A4F7556}") = "ProductAPI", "ProductAPI\ProductAPI.csproj", "{1ED450A2-BF0E-4B5F-A3A4-FE2FCBC053D2}"
EndProject
Project("{9A19103F-16F7-4668-BE54-9A1E7A4F7556}") = "ProductAPI.Infrastructure", "ProductAPI.Infrastucture\ProductAPI.Infrastructure.csproj", "{5F5965B8-44F9-42ED-9CCD-4AB00B88D019}"
EndProject
Project("{9A19103F-16F7-4668-BE54-9A1E7A4F7556}") = "ProductAPI.ApplicationCore", "ProductAPI.ApplicationCore\ProductAPI.ApplicationCore.csproj", "{53076C61-8489-49AD-B58F-B22E3D056292}"
EndProject
Project("{9A19103F-16F7-4668-BE54-9A1E7A4F7556}") = "CustomerAPI", "CustomerAPI\CustomerAPI.csproj", "{05A28262-45F2-4EF5-A43A-08C6B75EBFC1}"
EndProject
Project("{E53339B2-1760-4266-BCC7-CA923CBCF16C}") = "docker-compose", "docker-compose.dcproj", "{124451D5-D831-48B5-93DF-F047C917B1E4}"
EndProject
Project("{2150E333-8FDC-42A3-9474-1A3956D46DE8}") = "OrderMicroservice", "OrderMicroservice", "{5D9C20B1-4337-4AB9-8786-E28FB9BF2ACD}"
EndProject
Project("{2150E333-8FDC-42A3-9474-1A3956D46DE8}") = "new folder", "new folder", "{0C31A288-1479-4A52-9710-24C8FF26EDAC}"
EndProject
Project("{9A19103F-16F7-4668-BE54-9A1E7A4F7556}") = "ClassLibrary1", "..\ClassLibrary1\ClassLibrary1.csproj", "{CBC5BB68-D542-41C6-9E5C-CD1941A734E0}"
EndProject
Project("{9A19103F-16F7-4668-BE54-9A1E7A4F7556}") = "CustomerAPI.ApplicationCore", "CustomerAPI.ApplicationCore\CustomerAPI.ApplicationCore.csproj", "{CBF7BA6A-08DC-4A15-90AE-2A4E6DD43E8F}"
EndProject
Project("{2150E333-8FDC-42A3-9474-1A3956D46DE8}") = "Apigateway", "Apigateway", "{327E2D1F-47B3-47A9-A84D-E28E028323D2}"
EndProject
Project("{9A19103F-16F7-4668-BE54-9A1E7A4F7556}") = "Apigateway", "Apigateway\Apigateway.csproj", "{57653ACB-4589-47DC-A7F5-42B69B7F1CF6}"
EndProject
Project("{2150E333-8FDC-42A3-9474-1A3956D46DE8}") = "PromotionMicroservice", "PromotionMicroservice", "{E0CF666A-CCFD-4C28-9BFB-1B53A1E23C40}"
EndProject
Project("{9A19103F-16F7-4668-BE54-9A1E7A4F7556}") = "PromotionAPI", "PromotionAPI\PromotionAPI.csproj", "{B4D5AFB5-86DD-44E9-9C51-4BE79CDAC2C3}"
EndProject
Project("{9A19103F-16F7-4668-BE54-9A1E7A4F7556}") = "PromotionAPI.ApplicationCore", "PromotionAPI.ApplicationCore\PromotionAPI.ApplicationCore.csproj", "{2E0D4E46-67E6-41F7-BE54-C8B5F142EF2B}"
EndProject
Project("{9A19103F-16F7-4668-BE54-9A1E7A4F7556}") = "PromotionAPI.Infrastructure", "PromotionAPI.Infrastructure\PromotionAPI.Infrastructure.csproj", "{1D9CE96B-470D-44CA-9C1C-E2BE0810F76F}"
EndProject
Project("{2150E333-8FDC-42A3-9474-1A3956D46DE8}") = "ShippingMicroservice", "ShippingMicroservice", "{BADBBADC-2A83-4728-8BD5-64A14C0A4245}"
EndProject
Project("{9A19103F-16F7-4668-BE54-9A1E7A4F7556}") = "ShippingAPI", "ShippingAPI\ShippingAPI.csproj", "{9C15BFEB-C645-45EF-9EB9-71D32E7242BD}"
EndProject
Project("{9A19103F-16F7-4668-BE54-9A1E7A4F7556}") = "ShippingAPI.Infrastructure", "ShippingAPI.Infrastructure\ShippingAPI.Infrastructure.csproj", "{0F7217D8-569F-477B-86DD-285326BD06CD}"
EndProject
Project("{9A19103F-16F7-4668-BE54-9A1E7A4F7556}") = "ShippingAPI.ApplicationCore", "ShippingAPI.ApplicationCore\ShippingAPI.ApplicationCore.csproj", "{C6BAC6A4-4AE6-406E-9CD4-4669256569EB}"
EndProject
Project("{9A19103F-16F7-4668-BE54-9A1E7A4F7556}") = "CustomerAPI.Infrastruecure", "CUstomerAPI.Infrastructure\CustomerAPI.Infrastruecure.csproj", "{A7C4A161-709A-4CD2-A353-2DF62D9CD9EE}"
EndProject
Project("{FAE04EC0-301F-11D3-BF4B-00C04F79EFBC}") = "OrderAPI", "OrderAPI\OrderAPI.csproj", "{B5F6A309-71DF-4E58-811F-4A384290F7C1}"
EndProject
Project("{FAE04EC0-301F-11D3-BF4B-00C04F79EFBC}") = "OrderAPI.ApplicationCore", "OrderAPI.ApplicationCore\OrderAPI.ApplicationCore.csproj", "{BE7A8242-9467-4D77-955F-AB4DF865A181}"
EndProject
Project("{FAE04EC0-301F-11D3-BF4B-00C04F79EFBC}") = "OrderAPI.Infrastructure", "OrderAPI.Infrastructure\OrderAPI.Infrastructure.csproj", "{CDDEFC77-8A9C-478C-81B4-6D2F9E95D302}"
EndProject
Global
	GlobalSection(SolutionConfigurationPlatforms) = preSolution
		Debug|Any CPU = Debug|Any CPU
		Release|Any CPU = Release|Any CPU
	EndGlobalSection
	GlobalSection(ProjectConfigurationPlatforms) = postSolution
		{1ED450A2-BF0E-4B5F-A3A4-FE2FCBC053D2}.Debug|Any CPU.ActiveCfg = Debug|Any CPU
		{1ED450A2-BF0E-4B5F-A3A4-FE2FCBC053D2}.Debug|Any CPU.Build.0 = Debug|Any CPU
		{1ED450A2-BF0E-4B5F-A3A4-FE2FCBC053D2}.Release|Any CPU.ActiveCfg = Release|Any CPU
		{1ED450A2-BF0E-4B5F-A3A4-FE2FCBC053D2}.Release|Any CPU.Build.0 = Release|Any CPU
		{5F5965B8-44F9-42ED-9CCD-4AB00B88D019}.Debug|Any CPU.ActiveCfg = Debug|Any CPU
		{5F5965B8-44F9-42ED-9CCD-4AB00B88D019}.Debug|Any CPU.Build.0 = Debug|Any CPU
		{5F5965B8-44F9-42ED-9CCD-4AB00B88D019}.Release|Any CPU.ActiveCfg = Release|Any CPU
		{5F5965B8-44F9-42ED-9CCD-4AB00B88D019}.Release|Any CPU.Build.0 = Release|Any CPU
		{53076C61-8489-49AD-B58F-B22E3D056292}.Debug|Any CPU.ActiveCfg = Debug|Any CPU
		{53076C61-8489-49AD-B58F-B22E3D056292}.Debug|Any CPU.Build.0 = Debug|Any CPU
		{53076C61-8489-49AD-B58F-B22E3D056292}.Release|Any CPU.ActiveCfg = Release|Any CPU
		{53076C61-8489-49AD-B58F-B22E3D056292}.Release|Any CPU.Build.0 = Release|Any CPU
		{05A28262-45F2-4EF5-A43A-08C6B75EBFC1}.Debug|Any CPU.ActiveCfg = Debug|Any CPU
		{05A28262-45F2-4EF5-A43A-08C6B75EBFC1}.Debug|Any CPU.Build.0 = Debug|Any CPU
		{05A28262-45F2-4EF5-A43A-08C6B75EBFC1}.Release|Any CPU.ActiveCfg = Release|Any CPU
		{05A28262-45F2-4EF5-A43A-08C6B75EBFC1}.Release|Any CPU.Build.0 = Release|Any CPU
		{124451D5-D831-48B5-93DF-F047C917B1E4}.Debug|Any CPU.ActiveCfg = Debug|Any CPU
		{124451D5-D831-48B5-93DF-F047C917B1E4}.Debug|Any CPU.Build.0 = Debug|Any CPU
		{124451D5-D831-48B5-93DF-F047C917B1E4}.Release|Any CPU.ActiveCfg = Release|Any CPU
		{124451D5-D831-48B5-93DF-F047C917B1E4}.Release|Any CPU.Build.0 = Release|Any CPU
		{CBC5BB68-D542-41C6-9E5C-CD1941A734E0}.Debug|Any CPU.ActiveCfg = Debug|Any CPU
		{CBC5BB68-D542-41C6-9E5C-CD1941A734E0}.Debug|Any CPU.Build.0 = Debug|Any CPU
		{CBC5BB68-D542-41C6-9E5C-CD1941A734E0}.Release|Any CPU.ActiveCfg = Release|Any CPU
		{CBC5BB68-D542-41C6-9E5C-CD1941A734E0}.Release|Any CPU.Build.0 = Release|Any CPU
		{CBF7BA6A-08DC-4A15-90AE-2A4E6DD43E8F}.Debug|Any CPU.ActiveCfg = Debug|Any CPU
		{CBF7BA6A-08DC-4A15-90AE-2A4E6DD43E8F}.Debug|Any CPU.Build.0 = Debug|Any CPU
		{CBF7BA6A-08DC-4A15-90AE-2A4E6DD43E8F}.Release|Any CPU.ActiveCfg = Release|Any CPU
		{CBF7BA6A-08DC-4A15-90AE-2A4E6DD43E8F}.Release|Any CPU.Build.0 = Release|Any CPU
		{57653ACB-4589-47DC-A7F5-42B69B7F1CF6}.Debug|Any CPU.ActiveCfg = Debug|Any CPU
		{57653ACB-4589-47DC-A7F5-42B69B7F1CF6}.Debug|Any CPU.Build.0 = Debug|Any CPU
		{57653ACB-4589-47DC-A7F5-42B69B7F1CF6}.Release|Any CPU.ActiveCfg = Release|Any CPU
		{57653ACB-4589-47DC-A7F5-42B69B7F1CF6}.Release|Any CPU.Build.0 = Release|Any CPU
		{B4D5AFB5-86DD-44E9-9C51-4BE79CDAC2C3}.Debug|Any CPU.ActiveCfg = Debug|Any CPU
		{B4D5AFB5-86DD-44E9-9C51-4BE79CDAC2C3}.Debug|Any CPU.Build.0 = Debug|Any CPU
		{B4D5AFB5-86DD-44E9-9C51-4BE79CDAC2C3}.Release|Any CPU.ActiveCfg = Release|Any CPU
		{B4D5AFB5-86DD-44E9-9C51-4BE79CDAC2C3}.Release|Any CPU.Build.0 = Release|Any CPU
		{2E0D4E46-67E6-41F7-BE54-C8B5F142EF2B}.Debug|Any CPU.ActiveCfg = Debug|Any CPU
		{2E0D4E46-67E6-41F7-BE54-C8B5F142EF2B}.Debug|Any CPU.Build.0 = Debug|Any CPU
		{2E0D4E46-67E6-41F7-BE54-C8B5F142EF2B}.Release|Any CPU.ActiveCfg = Release|Any CPU
		{2E0D4E46-67E6-41F7-BE54-C8B5F142EF2B}.Release|Any CPU.Build.0 = Release|Any CPU
		{1D9CE96B-470D-44CA-9C1C-E2BE0810F76F}.Debug|Any CPU.ActiveCfg = Debug|Any CPU
		{1D9CE96B-470D-44CA-9C1C-E2BE0810F76F}.Debug|Any CPU.Build.0 = Debug|Any CPU
		{1D9CE96B-470D-44CA-9C1C-E2BE0810F76F}.Release|Any CPU.ActiveCfg = Release|Any CPU
		{1D9CE96B-470D-44CA-9C1C-E2BE0810F76F}.Release|Any CPU.Build.0 = Release|Any CPU
		{9C15BFEB-C645-45EF-9EB9-71D32E7242BD}.Debug|Any CPU.ActiveCfg = Debug|Any CPU
		{9C15BFEB-C645-45EF-9EB9-71D32E7242BD}.Debug|Any CPU.Build.0 = Debug|Any CPU
		{9C15BFEB-C645-45EF-9EB9-71D32E7242BD}.Release|Any CPU.ActiveCfg = Release|Any CPU
		{9C15BFEB-C645-45EF-9EB9-71D32E7242BD}.Release|Any CPU.Build.0 = Release|Any CPU
		{0F7217D8-569F-477B-86DD-285326BD06CD}.Debug|Any CPU.ActiveCfg = Debug|Any CPU
		{0F7217D8-569F-477B-86DD-285326BD06CD}.Debug|Any CPU.Build.0 = Debug|Any CPU
		{0F7217D8-569F-477B-86DD-285326BD06CD}.Release|Any CPU.ActiveCfg = Release|Any CPU
		{0F7217D8-569F-477B-86DD-285326BD06CD}.Release|Any CPU.Build.0 = Release|Any CPU
		{C6BAC6A4-4AE6-406E-9CD4-4669256569EB}.Debug|Any CPU.ActiveCfg = Debug|Any CPU
		{C6BAC6A4-4AE6-406E-9CD4-4669256569EB}.Debug|Any CPU.Build.0 = Debug|Any CPU
		{C6BAC6A4-4AE6-406E-9CD4-4669256569EB}.Release|Any CPU.ActiveCfg = Release|Any CPU
		{C6BAC6A4-4AE6-406E-9CD4-4669256569EB}.Release|Any CPU.Build.0 = Release|Any CPU
		{A7C4A161-709A-4CD2-A353-2DF62D9CD9EE}.Debug|Any CPU.ActiveCfg = Debug|Any CPU
		{A7C4A161-709A-4CD2-A353-2DF62D9CD9EE}.Debug|Any CPU.Build.0 = Debug|Any CPU
		{A7C4A161-709A-4CD2-A353-2DF62D9CD9EE}.Release|Any CPU.ActiveCfg = Release|Any CPU
		{A7C4A161-709A-4CD2-A353-2DF62D9CD9EE}.Release|Any CPU.Build.0 = Release|Any CPU
		{B5F6A309-71DF-4E58-811F-4A384290F7C1}.Debug|Any CPU.ActiveCfg = Debug|Any CPU
		{B5F6A309-71DF-4E58-811F-4A384290F7C1}.Debug|Any CPU.Build.0 = Debug|Any CPU
		{B5F6A309-71DF-4E58-811F-4A384290F7C1}.Release|Any CPU.ActiveCfg = Release|Any CPU
		{B5F6A309-71DF-4E58-811F-4A384290F7C1}.Release|Any CPU.Build.0 = Release|Any CPU
		{BE7A8242-9467-4D77-955F-AB4DF865A181}.Debug|Any CPU.ActiveCfg = Debug|Any CPU
		{BE7A8242-9467-4D77-955F-AB4DF865A181}.Debug|Any CPU.Build.0 = Debug|Any CPU
		{BE7A8242-9467-4D77-955F-AB4DF865A181}.Release|Any CPU.ActiveCfg = Release|Any CPU
		{BE7A8242-9467-4D77-955F-AB4DF865A181}.Release|Any CPU.Build.0 = Release|Any CPU
		{CDDEFC77-8A9C-478C-81B4-6D2F9E95D302}.Debug|Any CPU.ActiveCfg = Debug|Any CPU
		{CDDEFC77-8A9C-478C-81B4-6D2F9E95D302}.Debug|Any CPU.Build.0 = Debug|Any CPU
		{CDDEFC77-8A9C-478C-81B4-6D2F9E95D302}.Release|Any CPU.ActiveCfg = Release|Any CPU
		{CDDEFC77-8A9C-478C-81B4-6D2F9E95D302}.Release|Any CPU.Build.0 = Release|Any CPU
	EndGlobalSection
	GlobalSection(SolutionProperties) = preSolution
		HideSolutionNode = FALSE
	EndGlobalSection
	GlobalSection(NestedProjects) = preSolution
		{1ED450A2-BF0E-4B5F-A3A4-FE2FCBC053D2} = {FBD8851F-DC50-4777-B2F0-C801534A3F68}
		{5F5965B8-44F9-42ED-9CCD-4AB00B88D019} = {FBD8851F-DC50-4777-B2F0-C801534A3F68}
		{53076C61-8489-49AD-B58F-B22E3D056292} = {FBD8851F-DC50-4777-B2F0-C801534A3F68}
		{05A28262-45F2-4EF5-A43A-08C6B75EBFC1} = {97355494-11F4-41A2-9FFB-87B914FF6D42}
		{CBC5BB68-D542-41C6-9E5C-CD1941A734E0} = {0C31A288-1479-4A52-9710-24C8FF26EDAC}
		{CBF7BA6A-08DC-4A15-90AE-2A4E6DD43E8F} = {97355494-11F4-41A2-9FFB-87B914FF6D42}
		{57653ACB-4589-47DC-A7F5-42B69B7F1CF6} = {327E2D1F-47B3-47A9-A84D-E28E028323D2}
		{B4D5AFB5-86DD-44E9-9C51-4BE79CDAC2C3} = {E0CF666A-CCFD-4C28-9BFB-1B53A1E23C40}
		{2E0D4E46-67E6-41F7-BE54-C8B5F142EF2B} = {E0CF666A-CCFD-4C28-9BFB-1B53A1E23C40}
		{1D9CE96B-470D-44CA-9C1C-E2BE0810F76F} = {E0CF666A-CCFD-4C28-9BFB-1B53A1E23C40}
		{9C15BFEB-C645-45EF-9EB9-71D32E7242BD} = {BADBBADC-2A83-4728-8BD5-64A14C0A4245}
		{0F7217D8-569F-477B-86DD-285326BD06CD} = {BADBBADC-2A83-4728-8BD5-64A14C0A4245}
		{C6BAC6A4-4AE6-406E-9CD4-4669256569EB} = {BADBBADC-2A83-4728-8BD5-64A14C0A4245}
		{A7C4A161-709A-4CD2-A353-2DF62D9CD9EE} = {97355494-11F4-41A2-9FFB-87B914FF6D42}
		{B5F6A309-71DF-4E58-811F-4A384290F7C1} = {5D9C20B1-4337-4AB9-8786-E28FB9BF2ACD}
		{BE7A8242-9467-4D77-955F-AB4DF865A181} = {5D9C20B1-4337-4AB9-8786-E28FB9BF2ACD}
		{CDDEFC77-8A9C-478C-81B4-6D2F9E95D302} = {5D9C20B1-4337-4AB9-8786-E28FB9BF2ACD}
	EndGlobalSection
	GlobalSection(ExtensibilityGlobals) = postSolution
		SolutionGuid = {8A52133B-0E12-4E99-A9EC-AB76193C1870}
	EndGlobalSection
EndGlobal
